
Microsoft Visual Studio Solution File, Format Version 12.00
# Visual Studio 2013
VisualStudioVersion = 12.0.21005.1
MinimumVisualStudioVersion = 10.0.40219.1
Project("{8BC9CEB8-8B4A-11D0-8D11-00A0C91BC942}") = "ConsoleApplication1", "ConsoleApplication1\ConsoleApplication1.vcxproj", "{ED2F8FA9-C9B3-4FA5-B02E-3427588E0407}"
EndProject
Global
	GlobalSection(SolutionConfigurationPlatforms) = preSolution
		Debug|Win32 = Debug|Win32
		Release|Win32 = Release|Win32
	EndGlobalSection
	GlobalSection(ProjectConfigurationPlatforms) = postSolution
		{ED2F8FA9-C9B3-4FA5-B02E-3427588E0407}.Debug|Win32.ActiveCfg = Debug|Win32
		{ED2F8FA9-C9B3-4FA5-B02E-3427588E0407}.Debug|Win32.Build.0 = Debug|Win32
		{ED2F8FA9-C9B3-4FA5-B02E-3427588E0407}.Release|Win32.ActiveCfg = Release|Win32
		{ED2F8FA9-C9B3-4FA5-B02E-3427588E0407}.Release|Win32.Build.0 = Release|Win32
	EndGlobalSection
	GlobalSection(SolutionProperties) = preSolution
		HideSolutionNode = FALSE
	EndGlobalSection
EndGlobal
